
Microsoft Visual Studio Solution File, Format Version 12.00
Project("{FAE04EC0-301F-11D3-BF4B-00C04F79EFBC}") = "Sender", "Sender\Sender.csproj", "{4FEF91C8-4F30-4CCD-987A-0A2B8806112E}"
EndProject
Project("{FAE04EC0-301F-11D3-BF4B-00C04F79EFBC}") = "Reciever", "Reciever\Reciever.csproj", "{EDC80D9D-4F23-4D8E-9C3D-1C686E4A91B5}"
EndProject
Global
	GlobalSection(SolutionConfigurationPlatforms) = preSolution
		Debug|Any CPU = Debug|Any CPU
		Release|Any CPU = Release|Any CPU
	EndGlobalSection
	GlobalSection(ProjectConfigurationPlatforms) = postSolution
		{4FEF91C8-4F30-4CCD-987A-0A2B8806112E}.Debug|Any CPU.ActiveCfg = Debug|Any CPU
		{4FEF91C8-4F30-4CCD-987A-0A2B8806112E}.Debug|Any CPU.Build.0 = Debug|Any CPU
		{4FEF91C8-4F30-4CCD-987A-0A2B8806112E}.Release|Any CPU.ActiveCfg = Release|Any CPU
		{4FEF91C8-4F30-4CCD-987A-0A2B8806112E}.Release|Any CPU.Build.0 = Release|Any CPU
		{EDC80D9D-4F23-4D8E-9C3D-1C686E4A91B5}.Debug|Any CPU.ActiveCfg = Debug|Any CPU
		{EDC80D9D-4F23-4D8E-9C3D-1C686E4A91B5}.Debug|Any CPU.Build.0 = Debug|Any CPU
		{EDC80D9D-4F23-4D8E-9C3D-1C686E4A91B5}.Release|Any CPU.ActiveCfg = Release|Any CPU
		{EDC80D9D-4F23-4D8E-9C3D-1C686E4A91B5}.Release|Any CPU.Build.0 = Release|Any CPU
	EndGlobalSection
EndGlobal
